
Microsoft Visual Studio Solution File, Format Version 12.00
# Visual Studio Version 17
VisualStudioVersion = 17.8.34525.116
MinimumVisualStudioVersion = 10.0.40219.1
Project("{FAE04EC0-301F-11D3-BF4B-00C04F79EFBC}") = "EntityFrameworkCodeFirst", "EntityFrameworkCodeFirst.csproj", "{2507BFEE-641A-4406-BC33-43334ABD187B}"
EndProject
Project("{FAE04EC0-301F-11D3-BF4B-00C04F79EFBC}") = "MVC", "..\MVC\MVC.csproj", "{9F57B392-9445-45AE-A86F-D3C4839BFA56}"
EndProject
Global
	GlobalSection(SolutionConfigurationPlatforms) = preSolution
		Debug|Any CPU = Debug|Any CPU
		Release|Any CPU = Release|Any CPU
	EndGlobalSection
	GlobalSection(ProjectConfigurationPlatforms) = postSolution
		{2507BFEE-641A-4406-BC33-43334ABD187B}.Debug|Any CPU.ActiveCfg = Debug|Any CPU
		{2507BFEE-641A-4406-BC33-43334ABD187B}.Debug|Any CPU.Build.0 = Debug|Any CPU
		{2507BFEE-641A-4406-BC33-43334ABD187B}.Release|Any CPU.ActiveCfg = Release|Any CPU
		{2507BFEE-641A-4406-BC33-43334ABD187B}.Release|Any CPU.Build.0 = Release|Any CPU
		{9F57B392-9445-45AE-A86F-D3C4839BFA56}.Debug|Any CPU.ActiveCfg = Debug|Any CPU
		{9F57B392-9445-45AE-A86F-D3C4839BFA56}.Debug|Any CPU.Build.0 = Debug|Any CPU
		{9F57B392-9445-45AE-A86F-D3C4839BFA56}.Release|Any CPU.ActiveCfg = Release|Any CPU
		{9F57B392-9445-45AE-A86F-D3C4839BFA56}.Release|Any CPU.Build.0 = Release|Any CPU
	EndGlobalSection
	GlobalSection(SolutionProperties) = preSolution
		HideSolutionNode = FALSE
	EndGlobalSection
	GlobalSection(ExtensibilityGlobals) = postSolution
		SolutionGuid = {7D05D5A5-69AF-4E1F-AFBD-108C8B68AD5F}
	EndGlobalSection
EndGlobal
